
Microsoft Visual Studio Solution File, Format Version 12.00
# Visual Studio Version 17
VisualStudioVersion = 17.8.34316.72
MinimumVisualStudioVersion = 10.0.40219.1
Project("{FAE04EC0-301F-11D3-BF4B-00C04F79EFBC}") = "Server", "Server\Server.csproj", "{427E6566-4D8B-45B1-8EA5-5DA0FB2541BD}"
EndProject
Project("{FAE04EC0-301F-11D3-BF4B-00C04F79EFBC}") = "Client", "Client\Client.csproj", "{C5530BAD-7F26-42AC-B107-5C6FC29DD1CE}"
EndProject
Global
	GlobalSection(SolutionConfigurationPlatforms) = preSolution
		Debug|Any CPU = Debug|Any CPU
		Release|Any CPU = Release|Any CPU
	EndGlobalSection
	GlobalSection(ProjectConfigurationPlatforms) = postSolution
		{427E6566-4D8B-45B1-8EA5-5DA0FB2541BD}.Debug|Any CPU.ActiveCfg = Debug|Any CPU
		{427E6566-4D8B-45B1-8EA5-5DA0FB2541BD}.Debug|Any CPU.Build.0 = Debug|Any CPU
		{427E6566-4D8B-45B1-8EA5-5DA0FB2541BD}.Release|Any CPU.ActiveCfg = Release|Any CPU
		{427E6566-4D8B-45B1-8EA5-5DA0FB2541BD}.Release|Any CPU.Build.0 = Release|Any CPU
		{C5530BAD-7F26-42AC-B107-5C6FC29DD1CE}.Debug|Any CPU.ActiveCfg = Debug|Any CPU
		{C5530BAD-7F26-42AC-B107-5C6FC29DD1CE}.Debug|Any CPU.Build.0 = Debug|Any CPU
		{C5530BAD-7F26-42AC-B107-5C6FC29DD1CE}.Release|Any CPU.ActiveCfg = Release|Any CPU
		{C5530BAD-7F26-42AC-B107-5C6FC29DD1CE}.Release|Any CPU.Build.0 = Release|Any CPU
	EndGlobalSection
	GlobalSection(SolutionProperties) = preSolution
		HideSolutionNode = FALSE
	EndGlobalSection
	GlobalSection(ExtensibilityGlobals) = postSolution
		SolutionGuid = {A641B153-C157-4039-A92A-784D7DFB0BD7}
	EndGlobalSection
EndGlobal
